
Microsoft Visual Studio Solution File, Format Version 12.00
# Visual Studio Version 17
VisualStudioVersion = 17.12.35707.178 d17.12
MinimumVisualStudioVersion = 10.0.40219.1
Project("{FAE04EC0-301F-11D3-BF4B-00C04F79EFBC}") = "TaskScheduler", "TaskScheduler.csproj", "{7043281B-0D7A-4F10-A549-EA888EBBB958}"
EndProject
Global
	GlobalSection(SolutionConfigurationPlatforms) = preSolution
		Debug|Any CPU = Debug|Any CPU
		Release|Any CPU = Release|Any CPU
	EndGlobalSection
	GlobalSection(ProjectConfigurationPlatforms) = postSolution
		{7043281B-0D7A-4F10-A549-EA888EBBB958}.Debug|Any CPU.ActiveCfg = Debug|Any CPU
		{7043281B-0D7A-4F10-A549-EA888EBBB958}.Debug|Any CPU.Build.0 = Debug|Any CPU
		{7043281B-0D7A-4F10-A549-EA888EBBB958}.Release|Any CPU.ActiveCfg = Release|Any CPU
		{7043281B-0D7A-4F10-A549-EA888EBBB958}.Release|Any CPU.Build.0 = Release|Any CPU
	EndGlobalSection
	GlobalSection(SolutionProperties) = preSolution
		HideSolutionNode = FALSE
	EndGlobalSection
EndGlobal
